
Microsoft Visual Studio Solution File, Format Version 12.00
# Visual Studio Version 17
VisualStudioVersion = 17.8.34525.116
MinimumVisualStudioVersion = 10.0.40219.1
Project("{9A19103F-16F7-4668-BE54-9A1E7A4F7556}") = "SiliconASP", "SiliconASP\SiliconASP.csproj", "{2FD7432E-EB6A-4B15-A888-AD1702CC3113}"
EndProject
Project("{9A19103F-16F7-4668-BE54-9A1E7A4F7556}") = "Infrastructure", "Infrastructure\Infrastructure.csproj", "{D8355F84-9905-4751-B2B3-3EDA8045D201}"
EndProject
Global
	GlobalSection(SolutionConfigurationPlatforms) = preSolution
		Debug|Any CPU = Debug|Any CPU
		Release|Any CPU = Release|Any CPU
	EndGlobalSection
	GlobalSection(ProjectConfigurationPlatforms) = postSolution
		{2FD7432E-EB6A-4B15-A888-AD1702CC3113}.Debug|Any CPU.ActiveCfg = Debug|Any CPU
		{2FD7432E-EB6A-4B15-A888-AD1702CC3113}.Debug|Any CPU.Build.0 = Debug|Any CPU
		{2FD7432E-EB6A-4B15-A888-AD1702CC3113}.Release|Any CPU.ActiveCfg = Release|Any CPU
		{2FD7432E-EB6A-4B15-A888-AD1702CC3113}.Release|Any CPU.Build.0 = Release|Any CPU
		{D8355F84-9905-4751-B2B3-3EDA8045D201}.Debug|Any CPU.ActiveCfg = Debug|Any CPU
		{D8355F84-9905-4751-B2B3-3EDA8045D201}.Debug|Any CPU.Build.0 = Debug|Any CPU
		{D8355F84-9905-4751-B2B3-3EDA8045D201}.Release|Any CPU.ActiveCfg = Release|Any CPU
		{D8355F84-9905-4751-B2B3-3EDA8045D201}.Release|Any CPU.Build.0 = Release|Any CPU
	EndGlobalSection
	GlobalSection(SolutionProperties) = preSolution
		HideSolutionNode = FALSE
	EndGlobalSection
	GlobalSection(ExtensibilityGlobals) = postSolution
		SolutionGuid = {991ACC0A-A87A-4959-9D24-D50D5A95FF83}
	EndGlobalSection
EndGlobal
